
Microsoft Visual Studio Solution File, Format Version 12.00
# Visual Studio Version 17
VisualStudioVersion = 17.9.34622.214
MinimumVisualStudioVersion = 10.0.40219.1
Project("{2150E333-8FDC-42A3-9474-1A3956D46DE8}") = "src", "src", "{52CDCA19-B6AE-49AA-AA85-7AF37B6025D2}"
EndProject
Project("{2150E333-8FDC-42A3-9474-1A3956D46DE8}") = "Building Blocks", "Building Blocks", "{9F9C6C24-8EA2-4159-AE76-863B2B60DAAA}"
EndProject
Project("{2150E333-8FDC-42A3-9474-1A3956D46DE8}") = "Services", "Services", "{00CC12D5-3546-4A02-A5FD-C090CC47B41E}"
EndProject
Project("{2150E333-8FDC-42A3-9474-1A3956D46DE8}") = "Identidade", "Identidade", "{9E2BA341-8B1B-40EB-8AE0-CF2780D5DE1F}"
EndProject
Project("{2150E333-8FDC-42A3-9474-1A3956D46DE8}") = "Estoque", "Estoque", "{76130BD3-88C7-4A5F-BC20-8FA5ECD5EC78}"
EndProject
Project("{2150E333-8FDC-42A3-9474-1A3956D46DE8}") = "Funcionarios", "Funcionarios", "{BC9239AE-2F89-4DDE-95A9-459641001763}"
EndProject
Project("{2150E333-8FDC-42A3-9474-1A3956D46DE8}") = "Core", "Core", "{C1F039FF-8310-4F90-BD88-D43C3B0A4A24}"
EndProject
Project("{9A19103F-16F7-4668-BE54-9A1E7A4F7556}") = "GDE.Core", "src\building blocks\GDE.Core\GDE.Core.csproj", "{5E8D3BD0-F5D0-463B-90AB-6540427B4BED}"
EndProject
Project("{9A19103F-16F7-4668-BE54-9A1E7A4F7556}") = "GDE.Estoque.API", "src\services\GDE.Estoque.API\GDE.Estoque.API.csproj", "{D7115E4F-59C4-4E10-B846-C7BF87CD2BA1}"
EndProject
Project("{9A19103F-16F7-4668-BE54-9A1E7A4F7556}") = "GDE.Funcionarios.API", "src\services\GDE.Funcionarios.API\GDE.Funcionarios.API.csproj", "{4170132A-8447-43EE-B1AB-72D0E13BF994}"
EndProject
Project("{9A19103F-16F7-4668-BE54-9A1E7A4F7556}") = "GDE.Identidade.API", "src\services\GDE.Identidade.API\GDE.Identidade.API.csproj", "{8AC3C757-0818-4D92-BE2B-8BBE8A1098E7}"
EndProject
Project("{2150E333-8FDC-42A3-9474-1A3956D46DE8}") = "MessageBus", "MessageBus", "{492D5E76-952E-44C5-A6D8-A5A6B0A75DB4}"
EndProject
Project("{9A19103F-16F7-4668-BE54-9A1E7A4F7556}") = "GDE.MessageBus", "src\building blocks\GDE.MessageBus\GDE.MessageBus.csproj", "{CFEF2EDD-0AC5-4358-A7C1-6EE19F219532}"
EndProject
Project("{2150E333-8FDC-42A3-9474-1A3956D46DE8}") = "Produto", "Produto", "{6863ACF0-03B2-4EAD-976F-0853A6AB03FF}"
EndProject
Project("{2150E333-8FDC-42A3-9474-1A3956D46DE8}") = "Pedido", "Pedido", "{C13A19A8-AC59-49C6-8966-DC589BFE44F4}"
EndProject
Project("{9A19103F-16F7-4668-BE54-9A1E7A4F7556}") = "GDE.Produtos.API", "src\services\GDE.Produtos.API\GDE.Produtos.API.csproj", "{B9D5A7EC-B85A-4406-B12D-A6408DDDDC18}"
EndProject
Project("{9A19103F-16F7-4668-BE54-9A1E7A4F7556}") = "GDE.Pedidos.API", "src\services\GDE.Pedidos.API\GDE.Pedidos.API.csproj", "{B9E0C45C-A844-409B-8A8E-2A6E7BB9FACB}"
EndProject
Project("{9A19103F-16F7-4668-BE54-9A1E7A4F7556}") = "GDE.Estoque.Infra", "src\services\GDE.Estoque.Infra\GDE.Estoque.Infra.csproj", "{5F1301CB-FE6B-4443-B7ED-7E1ACB82A9B8}"
EndProject
Project("{9A19103F-16F7-4668-BE54-9A1E7A4F7556}") = "GDE.Estoque.Domain", "src\services\GDE.Estoque.Domain\GDE.Estoque.Domain.csproj", "{1ABE63DB-CB5F-4930-9588-FE0F42CB9A83}"
EndProject
Global
	GlobalSection(SolutionConfigurationPlatforms) = preSolution
		Debug|Any CPU = Debug|Any CPU
		Release|Any CPU = Release|Any CPU
	EndGlobalSection
	GlobalSection(ProjectConfigurationPlatforms) = postSolution
		{5E8D3BD0-F5D0-463B-90AB-6540427B4BED}.Debug|Any CPU.ActiveCfg = Debug|Any CPU
		{5E8D3BD0-F5D0-463B-90AB-6540427B4BED}.Debug|Any CPU.Build.0 = Debug|Any CPU
		{5E8D3BD0-F5D0-463B-90AB-6540427B4BED}.Release|Any CPU.ActiveCfg = Release|Any CPU
		{5E8D3BD0-F5D0-463B-90AB-6540427B4BED}.Release|Any CPU.Build.0 = Release|Any CPU
		{D7115E4F-59C4-4E10-B846-C7BF87CD2BA1}.Debug|Any CPU.ActiveCfg = Debug|Any CPU
		{D7115E4F-59C4-4E10-B846-C7BF87CD2BA1}.Debug|Any CPU.Build.0 = Debug|Any CPU
		{D7115E4F-59C4-4E10-B846-C7BF87CD2BA1}.Release|Any CPU.ActiveCfg = Release|Any CPU
		{D7115E4F-59C4-4E10-B846-C7BF87CD2BA1}.Release|Any CPU.Build.0 = Release|Any CPU
		{4170132A-8447-43EE-B1AB-72D0E13BF994}.Debug|Any CPU.ActiveCfg = Debug|Any CPU
		{4170132A-8447-43EE-B1AB-72D0E13BF994}.Debug|Any CPU.Build.0 = Debug|Any CPU
		{4170132A-8447-43EE-B1AB-72D0E13BF994}.Release|Any CPU.ActiveCfg = Release|Any CPU
		{4170132A-8447-43EE-B1AB-72D0E13BF994}.Release|Any CPU.Build.0 = Release|Any CPU
		{8AC3C757-0818-4D92-BE2B-8BBE8A1098E7}.Debug|Any CPU.ActiveCfg = Debug|Any CPU
		{8AC3C757-0818-4D92-BE2B-8BBE8A1098E7}.Debug|Any CPU.Build.0 = Debug|Any CPU
		{8AC3C757-0818-4D92-BE2B-8BBE8A1098E7}.Release|Any CPU.ActiveCfg = Release|Any CPU
		{8AC3C757-0818-4D92-BE2B-8BBE8A1098E7}.Release|Any CPU.Build.0 = Release|Any CPU
		{CFEF2EDD-0AC5-4358-A7C1-6EE19F219532}.Debug|Any CPU.ActiveCfg = Debug|Any CPU
		{CFEF2EDD-0AC5-4358-A7C1-6EE19F219532}.Debug|Any CPU.Build.0 = Debug|Any CPU
		{CFEF2EDD-0AC5-4358-A7C1-6EE19F219532}.Release|Any CPU.ActiveCfg = Release|Any CPU
		{CFEF2EDD-0AC5-4358-A7C1-6EE19F219532}.Release|Any CPU.Build.0 = Release|Any CPU
		{B9D5A7EC-B85A-4406-B12D-A6408DDDDC18}.Debug|Any CPU.ActiveCfg = Debug|Any CPU
		{B9D5A7EC-B85A-4406-B12D-A6408DDDDC18}.Debug|Any CPU.Build.0 = Debug|Any CPU
		{B9D5A7EC-B85A-4406-B12D-A6408DDDDC18}.Release|Any CPU.ActiveCfg = Release|Any CPU
		{B9D5A7EC-B85A-4406-B12D-A6408DDDDC18}.Release|Any CPU.Build.0 = Release|Any CPU
		{B9E0C45C-A844-409B-8A8E-2A6E7BB9FACB}.Debug|Any CPU.ActiveCfg = Debug|Any CPU
		{B9E0C45C-A844-409B-8A8E-2A6E7BB9FACB}.Debug|Any CPU.Build.0 = Debug|Any CPU
		{B9E0C45C-A844-409B-8A8E-2A6E7BB9FACB}.Release|Any CPU.ActiveCfg = Release|Any CPU
		{B9E0C45C-A844-409B-8A8E-2A6E7BB9FACB}.Release|Any CPU.Build.0 = Release|Any CPU
		{5F1301CB-FE6B-4443-B7ED-7E1ACB82A9B8}.Debug|Any CPU.ActiveCfg = Debug|Any CPU
		{5F1301CB-FE6B-4443-B7ED-7E1ACB82A9B8}.Debug|Any CPU.Build.0 = Debug|Any CPU
		{5F1301CB-FE6B-4443-B7ED-7E1ACB82A9B8}.Release|Any CPU.ActiveCfg = Release|Any CPU
		{5F1301CB-FE6B-4443-B7ED-7E1ACB82A9B8}.Release|Any CPU.Build.0 = Release|Any CPU
		{1ABE63DB-CB5F-4930-9588-FE0F42CB9A83}.Debug|Any CPU.ActiveCfg = Debug|Any CPU
		{1ABE63DB-CB5F-4930-9588-FE0F42CB9A83}.Debug|Any CPU.Build.0 = Debug|Any CPU
		{1ABE63DB-CB5F-4930-9588-FE0F42CB9A83}.Release|Any CPU.ActiveCfg = Release|Any CPU
		{1ABE63DB-CB5F-4930-9588-FE0F42CB9A83}.Release|Any CPU.Build.0 = Release|Any CPU
	EndGlobalSection
	GlobalSection(SolutionProperties) = preSolution
		HideSolutionNode = FALSE
	EndGlobalSection
	GlobalSection(NestedProjects) = preSolution
		{9F9C6C24-8EA2-4159-AE76-863B2B60DAAA} = {52CDCA19-B6AE-49AA-AA85-7AF37B6025D2}
		{00CC12D5-3546-4A02-A5FD-C090CC47B41E} = {52CDCA19-B6AE-49AA-AA85-7AF37B6025D2}
		{9E2BA341-8B1B-40EB-8AE0-CF2780D5DE1F} = {00CC12D5-3546-4A02-A5FD-C090CC47B41E}
		{76130BD3-88C7-4A5F-BC20-8FA5ECD5EC78} = {00CC12D5-3546-4A02-A5FD-C090CC47B41E}
		{BC9239AE-2F89-4DDE-95A9-459641001763} = {00CC12D5-3546-4A02-A5FD-C090CC47B41E}
		{C1F039FF-8310-4F90-BD88-D43C3B0A4A24} = {9F9C6C24-8EA2-4159-AE76-863B2B60DAAA}
		{5E8D3BD0-F5D0-463B-90AB-6540427B4BED} = {C1F039FF-8310-4F90-BD88-D43C3B0A4A24}
		{D7115E4F-59C4-4E10-B846-C7BF87CD2BA1} = {76130BD3-88C7-4A5F-BC20-8FA5ECD5EC78}
		{4170132A-8447-43EE-B1AB-72D0E13BF994} = {BC9239AE-2F89-4DDE-95A9-459641001763}
		{8AC3C757-0818-4D92-BE2B-8BBE8A1098E7} = {9E2BA341-8B1B-40EB-8AE0-CF2780D5DE1F}
		{492D5E76-952E-44C5-A6D8-A5A6B0A75DB4} = {9F9C6C24-8EA2-4159-AE76-863B2B60DAAA}
		{CFEF2EDD-0AC5-4358-A7C1-6EE19F219532} = {492D5E76-952E-44C5-A6D8-A5A6B0A75DB4}
		{6863ACF0-03B2-4EAD-976F-0853A6AB03FF} = {00CC12D5-3546-4A02-A5FD-C090CC47B41E}
		{C13A19A8-AC59-49C6-8966-DC589BFE44F4} = {00CC12D5-3546-4A02-A5FD-C090CC47B41E}
		{B9D5A7EC-B85A-4406-B12D-A6408DDDDC18} = {6863ACF0-03B2-4EAD-976F-0853A6AB03FF}
		{B9E0C45C-A844-409B-8A8E-2A6E7BB9FACB} = {C13A19A8-AC59-49C6-8966-DC589BFE44F4}
		{5F1301CB-FE6B-4443-B7ED-7E1ACB82A9B8} = {76130BD3-88C7-4A5F-BC20-8FA5ECD5EC78}
		{1ABE63DB-CB5F-4930-9588-FE0F42CB9A83} = {76130BD3-88C7-4A5F-BC20-8FA5ECD5EC78}
	EndGlobalSection
	GlobalSection(ExtensibilityGlobals) = postSolution
		SolutionGuid = {9DEB62C2-B357-4310-9E2E-C707ED3B2632}
	EndGlobalSection
EndGlobal
